
Microsoft Visual Studio Solution File, Format Version 12.00
# Visual Studio 15
VisualStudioVersion = 15.0.28307.1169
MinimumVisualStudioVersion = 10.0.40219.1
Project("{FAE04EC0-301F-11D3-BF4B-00C04F79EFBC}") = "Evaluacion IM", "Evaluacion IM.csproj", "{655E43EE-E337-4652-9D7E-DBF52D6198E2}"
EndProject
Project("{FAE04EC0-301F-11D3-BF4B-00C04F79EFBC}") = "Datos", "..\Datos\Datos.csproj", "{1464FF4E-F482-422D-B347-52DD2AD3D584}"
EndProject
Global
	GlobalSection(SolutionConfigurationPlatforms) = preSolution
		Debug|Any CPU = Debug|Any CPU
		Release|Any CPU = Release|Any CPU
	EndGlobalSection
	GlobalSection(ProjectConfigurationPlatforms) = postSolution
		{655E43EE-E337-4652-9D7E-DBF52D6198E2}.Debug|Any CPU.ActiveCfg = Debug|Any CPU
		{655E43EE-E337-4652-9D7E-DBF52D6198E2}.Debug|Any CPU.Build.0 = Debug|Any CPU
		{655E43EE-E337-4652-9D7E-DBF52D6198E2}.Release|Any CPU.ActiveCfg = Release|Any CPU
		{655E43EE-E337-4652-9D7E-DBF52D6198E2}.Release|Any CPU.Build.0 = Release|Any CPU
		{1464FF4E-F482-422D-B347-52DD2AD3D584}.Debug|Any CPU.ActiveCfg = Debug|Any CPU
		{1464FF4E-F482-422D-B347-52DD2AD3D584}.Debug|Any CPU.Build.0 = Debug|Any CPU
		{1464FF4E-F482-422D-B347-52DD2AD3D584}.Release|Any CPU.ActiveCfg = Release|Any CPU
		{1464FF4E-F482-422D-B347-52DD2AD3D584}.Release|Any CPU.Build.0 = Release|Any CPU
	EndGlobalSection
	GlobalSection(SolutionProperties) = preSolution
		HideSolutionNode = FALSE
	EndGlobalSection
	GlobalSection(ExtensibilityGlobals) = postSolution
		SolutionGuid = {9F13DBFC-A15E-42C0-9366-6027FF6AB7BC}
	EndGlobalSection
EndGlobal
